// !$*UTF8*$!
{
	archiveVersion = 1;
	classes = {
	};
	objectVersion = 48;
	objects = {

/* Begin PBXBuildFile section */
		BD97DA9F1FA86FDE007D5FFA /* AppDelegate.m in Sources */ = {isa = PBXBuildFile; fileRef = BD97DA9E1FA86FDE007D5FFA /* AppDelegate.m */; };
		BD97DAA21FA86FDE007D5FFA /* ViewController.m in Sources */ = {isa = PBXBuildFile; fileRef = BD97DAA11FA86FDE007D5FFA /* ViewController.m */; };
		BD97DAA51FA86FDE007D5FFA /* Main.storyboard in Resources */ = {isa = PBXBuildFile; fileRef = BD97DAA31FA86FDE007D5FFA /* Main.storyboard */; };
		BD97DAA71FA86FDE007D5FFA /* Assets.xcassets in Resources */ = {isa = PBXBuildFile; fileRef = BD97DAA61FA86FDE007D5FFA /* Assets.xcassets */; };
		BD97DAAA1FA86FDE007D5FFA /* LaunchScreen.storyboard in Resources */ = {isa = PBXBuildFile; fileRef = BD97DAA81FA86FDE007D5FFA /* LaunchScreen.storyboard */; };
		BD97DAAD1FA86FDE007D5FFA /* main.m in Sources */ = {isa = PBXBuildFile; fileRef = BD97DAAC1FA86FDE007D5FFA /* main.m */; };
		BD97DAB71FA86FDE007D5FFA /* UIDynamicsTest1Tests.m in Sources */ = {isa = PBXBuildFile; fileRef = BD97DAB61FA86FDE007D5FFA /* UIDynamicsTest1Tests.m */; };
		BD97DAC21FA86FDE007D5FFA /* UIDynamicsTest1UITests.m in Sources */ = {isa = PBXBuildFile; fileRef = BD97DAC11FA86FDE007D5FFA /* UIDynamicsTest1UITests.m */; };
/* End PBXBuildFile section */

/* Begin PBXContainerItemProxy section */
		BD97DAB31FA86FDE007D5FFA /* PBXContainerItemProxy */ = {
			isa = PBXContainerItemProxy;
			containerPortal = BD97DA921FA86FDE007D5FFA /* Project object */;
			proxyType = 1;
			remoteGlobalIDString = BD97DA991FA86FDE007D5FFA;
			remoteInfo = UIDynamicsTest1;
		};
		BD97DABE1FA86FDE007D5FFA /* PBXContainerItemProxy */ = {
			isa = PBXContainerItemProxy;
			containerPortal = BD97DA921FA86FDE007D5FFA /* Project object */;
			proxyType = 1;
			remoteGlobalIDString = BD97DA991FA86FDE007D5FFA;
			remoteInfo = UIDynamicsTest1;
		};
/* End PBXContainerItemProxy section */

/* Begin PBXFileReference section */
		BD97DA9A1FA86FDE007D5FFA /* UIDynamicsTest1.app */ = {isa = PBXFileReference; explicitFileType = wrapper.application; includeInIndex = 0; path = UIDynamicsTest1.app; sourceTree = BUILT_PRODUCTS_DIR; };
		BD97DA9D1FA86FDE007D5FFA /* AppDelegate.h */ = {isa = PBXFileReference; lastKnownFileType = sourcecode.c.h; path = AppDelegate.h; sourceTree = "<group>"; };
		BD97DA9E1FA86FDE007D5FFA /* AppDelegate.m */ = {isa = PBXFileReference; lastKnownFileType = sourcecode.c.objc; path = AppDelegate.m; sourceTree = "<group>"; };
		BD97DAA01FA86FDE007D5FFA /* ViewController.h */ = {isa = PBXFileReference; lastKnownFileType = sourcecode.c.h; path = ViewController.h; sourceTree = "<group>"; };
		BD97DAA11FA86FDE007D5FFA /* ViewController.m */ = {isa = PBXFileReference; lastKnownFileType = sourcecode.c.objc; path = ViewController.m; sourceTree = "<group>"; };
		BD97DAA41FA86FDE007D5FFA /* Base */ = {isa = PBXFileReference; lastKnownFileType = file.storyboard; name = Base; path = Base.lproj/Main.storyboard; sourceTree = "<group>"; };
		BD97DAA61FA86FDE007D5FFA /* Assets.xcassets */ = {isa = PBXFileReference; lastKnownFileType = folder.assetcatalog; path = Assets.xcassets; sourceTree = "<group>"; };
		BD97DAA91FA86FDE007D5FFA /* Base */ = {isa = PBXFileReference; lastKnownFileType = file.storyboard; name = Base; path = Base.lproj/LaunchScreen.storyboard; sourceTree = "<group>"; };
		BD97DAAB1FA86FDE007D5FFA /* Info.plist */ = {isa = PBXFileReference; lastKnownFileType = text.plist.xml; path = Info.plist; sourceTree = "<group>"; };
		BD97DAAC1FA86FDE007D5FFA /* main.m */ = {isa = PBXFileReference; lastKnownFileType = sourcecode.c.objc; path = main.m; sourceTree = "<group>"; };
		BD97DAB21FA86FDE007D5FFA /* UIDynamicsTest1Tests.xctest */ = {isa = PBXFileReference; explicitFileType = wrapper.cfbundle; includeInIndex = 0; path = UIDynamicsTest1Tests.xctest; sourceTree = BUILT_PRODUCTS_DIR; };
		BD97DAB61FA86FDE007D5FFA /* UIDynamicsTest1Tests.m */ = {isa = PBXFileReference; lastKnownFileType = sourcecode.c.objc; path = UIDynamicsTest1Tests.m; sourceTree = "<group>"; };
		BD97DAB81FA86FDE007D5FFA /* Info.plist */ = {isa = PBXFileReference; lastKnownFileType = text.plist.xml; path = Info.plist; sourceTree = "<group>"; };
		BD97DABD1FA86FDE007D5FFA /* UIDynamicsTest1UITests.xctest */ = {isa = PBXFileReference; explicitFileType = wrapper.cfbundle; includeInIndex = 0; path = UIDynamicsTest1UITests.xctest; sourceTree = BUILT_PRODUCTS_DIR; };
		BD97DAC11FA86FDE007D5FFA /* UIDynamicsTest1UITests.m */ = {isa = PBXFileReference; lastKnownFileType = sourcecode.c.objc; path = UIDynamicsTest1UITests.m; sourceTree = "<group>"; };
		BD97DAC31FA86FDE007D5FFA /* Info.plist */ = {isa = PBXFileReference; lastKnownFileType = text.plist.xml; path = Info.plist; sourceTree = "<group>"; };
/* End PBXFileReference section */

/* Begin PBXFrameworksBuildPhase section */
		BD97DA971FA86FDE007D5FFA /* Frameworks */ = {
			isa = PBXFrameworksBuildPhase;
			buildActionMask = 2147483647;
			files = (
			);
			runOnlyForDeploymentPostprocessing = 0;
		};
		BD97DAAF1FA86FDE007D5FFA /* Frameworks */ = {
			isa = PBXFrameworksBuildPhase;
			buildActionMask = 2147483647;
			files = (
			);
			runOnlyForDeploymentPostprocessing = 0;
		};
		BD97DABA1FA86FDE007D5FFA /* Frameworks */ = {
			isa = PBXFrameworksBuildPhase;
			buildActionMask = 2147483647;
			files = (
			);
			runOnlyForDeploymentPostprocessing = 0;
		};
/* End PBXFrameworksBuildPhase section */

/* Begin PBXGroup section */
		BD97DA911FA86FDE007D5FFA = {
			isa = PBXGroup;
			children = (
				BD97DA9C1FA86FDE007D5FFA /* UIDynamicsTest1 */,
				BD97DAB51FA86FDE007D5FFA /* UIDynamicsTest1Tests */,
				BD97DAC01FA86FDE007D5FFA /* UIDynamicsTest1UITests */,
				BD97DA9B1FA86FDE007D5FFA /* Products */,
			);
			sourceTree = "<group>";
		};
		BD97DA9B1FA86FDE007D5FFA /* Products */ = {
			isa = PBXGroup;
			children = (
				BD97DA9A1FA86FDE007D5FFA /* UIDynamicsTest1.app */,
				BD97DAB21FA86FDE007D5FFA /* UIDynamicsTest1Tests.xctest */,
				BD97DABD1FA86FDE007D5FFA /* UIDynamicsTest1UITests.xctest */,
			);
			name = Products;
			sourceTree = "<group>";
		};
		BD97DA9C1FA86FDE007D5FFA /* UIDynamicsTest1 */ = {
			isa = PBXGroup;
			children = (
				BD97DA9D1FA86FDE007D5FFA /* AppDelegate.h */,
				BD97DA9E1FA86FDE007D5FFA /* AppDelegate.m */,
				BD97DAA01FA86FDE007D5FFA /* ViewController.h */,
				BD97DAA11FA86FDE007D5FFA /* ViewController.m */,
				BD97DAA31FA86FDE007D5FFA /* Main.storyboard */,
				BD97DAA61FA86FDE007D5FFA /* Assets.xcassets */,
				BD97DAA81FA86FDE007D5FFA /* LaunchScreen.storyboard */,
				BD97DAAB1FA86FDE007D5FFA /* Info.plist */,
				BD97DAAC1FA86FDE007D5FFA /* main.m */,
			);
			path = UIDynamicsTest1;
			sourceTree = "<group>";
		};
		BD97DAB51FA86FDE007D5FFA /* UIDynamicsTest1Tests */ = {
			isa = PBXGroup;
			children = (
				BD97DAB61FA86FDE007D5FFA /* UIDynamicsTest1Tests.m */,
				BD97DAB81FA86FDE007D5FFA /* Info.plist */,
			);
			path = UIDynamicsTest1Tests;
			sourceTree = "<group>";
		};
		BD97DAC01FA86FDE007D5FFA /* UIDynamicsTest1UITests */ = {
			isa = PBXGroup;
			children = (
				BD97DAC11FA86FDE007D5FFA /* UIDynamicsTest1UITests.m */,
				BD97DAC31FA86FDE007D5FFA /* Info.plist */,
			);
			path = UIDynamicsTest1UITests;
			sourceTree = "<group>";
		};
/* End PBXGroup section */

/* Begin PBXNativeTarget section */
		BD97DA991FA86FDE007D5FFA /* UIDynamicsTest1 */ = {
			isa = PBXNativeTarget;
			buildConfigurationList = BD97DAC61FA86FDE007D5FFA /* Build configuration list for PBXNativeTarget "UIDynamicsTest1" */;
			buildPhases = (
				BD97DA961FA86FDE007D5FFA /* Sources */,
				BD97DA971FA86FDE007D5FFA /* Frameworks */,
				BD97DA981FA86FDE007D5FFA /* Resources */,
			);
			buildRules = (
			);
			dependencies = (
			);
			name = UIDynamicsTest1;
			productName = UIDynamicsTest1;
			productReference = BD97DA9A1FA86FDE007D5FFA /* UIDynamicsTest1.app */;
			productType = "com.apple.product-type.application";
		};
		BD97DAB11FA86FDE007D5FFA /* UIDynamicsTest1Tests */ = {
			isa = PBXNativeTarget;
			buildConfigurationList = BD97DAC91FA86FDE007D5FFA /* Build configuration list for PBXNativeTarget "UIDynamicsTest1Tests" */;
			buildPhases = (
				BD97DAAE1FA86FDE007D5FFA /* Sources */,
				BD97DAAF1FA86FDE007D5FFA /* Frameworks */,
				BD97DAB01FA86FDE007D5FFA /* Resources */,
			);
			buildRules = (
			);
			dependencies = (
				BD97DAB41FA86FDE007D5FFA /* PBXTargetDependency */,
			);
			name = UIDynamicsTest1Tests;
			productName = UIDynamicsTest1Tests;
			productReference = BD97DAB21FA86FDE007D5FFA /* UIDynamicsTest1Tests.xctest */;
			productType = "com.apple.product-type.bundle.unit-test";
		};
		BD97DABC1FA86FDE007D5FFA /* UIDynamicsTest1UITests */ = {
			isa = PBXNativeTarget;
			buildConfigurationList = BD97DACC1FA86FDE007D5FFA /* Build configuration list for PBXNativeTarget "UIDynamicsTest1UITests" */;
			buildPhases = (
				BD97DAB91FA86FDE007D5FFA /* Sources */,
				BD97DABA1FA86FDE007D5FFA /* Frameworks */,
				BD97DABB1FA86FDE007D5FFA /* Resources */,
			);
			buildRules = (
			);
			dependencies = (
				BD97DABF1FA86FDE007D5FFA /* PBXTargetDependency */,
			);
			name = UIDynamicsTest1UITests;
			productName = UIDynamicsTest1UITests;
			productReference = BD97DABD1FA86FDE007D5FFA /* UIDynamicsTest1UITests.xctest */;
			productType = "com.apple.product-type.bundle.ui-testing";
		};
/* End PBXNativeTarget section */

/* Begin PBXProject section */
		BD97DA921FA86FDE007D5FFA /* Project object */ = {
			isa = PBXProject;
			attributes = {
				LastUpgradeCheck = 0900;
				ORGANIZATIONNAME = ronakkothari;
				TargetAttributes = {
					BD97DA991FA86FDE007D5FFA = {
						CreatedOnToolsVersion = 9.0.1;
						ProvisioningStyle = Automatic;
					};
					BD97DAB11FA86FDE007D5FFA = {
						CreatedOnToolsVersion = 9.0.1;
						ProvisioningStyle = Automatic;
						TestTargetID = BD97DA991FA86FDE007D5FFA;
					};
					BD97DABC1FA86FDE007D5FFA = {
						CreatedOnToolsVersion = 9.0.1;
						ProvisioningStyle = Automatic;
						TestTargetID = BD97DA991FA86FDE007D5FFA;
					};
				};
			};
			buildConfigurationList = BD97DA951FA86FDE007D5FFA /* Build configuration list for PBXProject "UIDynamicsTest1" */;
			compatibilityVersion = "Xcode 8.0";
			developmentRegion = en;
			hasScannedForEncodings = 0;
			knownRegions = (
				en,
				Base,
			);
			mainGroup = BD97DA911FA86FDE007D5FFA;
			productRefGroup = BD97DA9B1FA86FDE007D5FFA /* Products */;
			projectDirPath = "";
			projectRoot = "";
			targets = (
				BD97DA991FA86FDE007D5FFA /* UIDynamicsTest1 */,
				BD97DAB11FA86FDE007D5FFA /* UIDynamicsTest1Tests */,
				BD97DABC1FA86FDE007D5FFA /* UIDynamicsTest1UITests */,
			);
		};
/* End PBXProject section */

/* Begin PBXResourcesBuildPhase section */
		BD97DA981FA86FDE007D5FFA /* Resources */ = {
			isa = PBXResourcesBuildPhase;
			buildActionMask = 2147483647;
			files = (
				BD97DAAA1FA86FDE007D5FFA /* LaunchScreen.storyboard in Resources */,
				BD97DAA71FA86FDE007D5FFA /* Assets.xcassets in Resources */,
				BD97DAA51FA86FDE007D5FFA /* Main.storyboard in Resources */,
			);
			runOnlyForDeploymentPostprocessing = 0;
		};
		BD97DAB01FA86FDE007D5FFA /* Resources */ = {
			isa = PBXResourcesBuildPhase;
			buildActionMask = 2147483647;
			files = (
			);
			runOnlyForDeploymentPostprocessing = 0;
		};
		BD97DABB1FA86FDE007D5FFA /* Resources */ = {
			isa = PBXResourcesBuildPhase;
			buildActionMask = 2147483647;
			files = (
			);
			runOnlyForDeploymentPostprocessing = 0;
		};
/* End PBXResourcesBuildPhase section */

/* Begin PBXSourcesBuildPhase section */
		BD97DA961FA86FDE007D5FFA /* Sources */ = {
			isa = PBXSourcesBuildPhase;
			buildActionMask = 2147483647;
			files = (
				BD97DAA21FA86FDE007D5FFA /* ViewController.m in Sources */,
				BD97DAAD1FA86FDE007D5FFA /* main.m in Sources */,
				BD97DA9F1FA86FDE007D5FFA /* AppDelegate.m in Sources */,
			);
			runOnlyForDeploymentPostprocessing = 0;
		};
		BD97DAAE1FA86FDE007D5FFA /* Sources */ = {
			isa = PBXSourcesBuildPhase;
			buildActionMask = 2147483647;
			files = (
				BD97DAB71FA86FDE007D5FFA /* UIDynamicsTest1Tests.m in Sources */,
			);
			runOnlyForDeploymentPostprocessing = 0;
		};
		BD97DAB91FA86FDE007D5FFA /* Sources */ = {
			isa = PBXSourcesBuildPhase;
			buildActionMask = 2147483647;
			files = (
				BD97DAC21FA86FDE007D5FFA /* UIDynamicsTest1UITests.m in Sources */,
			);
			runOnlyForDeploymentPostprocessing = 0;
		};
/* End PBXSourcesBuildPhase section */

/* Begin PBXTargetDependency section */
		BD97DAB41FA86FDE007D5FFA /* PBXTargetDependency */ = {
			isa = PBXTargetDependency;
			target = BD97DA991FA86FDE007D5FFA /* UIDynamicsTest1 */;
			targetProxy = BD97DAB31FA86FDE007D5FFA /* PBXContainerItemProxy */;
		};
		BD97DABF1FA86FDE007D5FFA /* PBXTargetDependency */ = {
			isa = PBXTargetDependency;
			target = BD97DA991FA86FDE007D5FFA /* UIDynamicsTest1 */;
			targetProxy = BD97DABE1FA86FDE007D5FFA /* PBXContainerItemProxy */;
		};
/* End PBXTargetDependency section */

/* Begin PBXVariantGroup section */
		BD97DAA31FA86FDE007D5FFA /* Main.storyboard */ = {
			isa = PBXVariantGroup;
			children = (
				BD97DAA41FA86FDE007D5FFA /* Base */,
			);
			name = Main.storyboard;
			sourceTree = "<group>";
		};
		BD97DAA81FA86FDE007D5FFA /* LaunchScreen.storyboard */ = {
			isa = PBXVariantGroup;
			children = (
				BD97DAA91FA86FDE007D5FFA /* Base */,
			);
			name = LaunchScreen.storyboard;
			sourceTree = "<group>";
		};
/* End PBXVariantGroup section */

/* Begin XCBuildConfiguration section */
		BD97DAC41FA86FDE007D5FFA /* Debug */ = {
			isa = XCBuildConfiguration;
			buildSettings = {
				ALWAYS_SEARCH_USER_PATHS = NO;
				CLANG_ANALYZER_NONNULL = YES;
				CLANG_ANALYZER_NUMBER_OBJECT_CONVERSION = YES_AGGRESSIVE;
				CLANG_CXX_LANGUAGE_STANDARD = "gnu++14";
				CLANG_CXX_LIBRARY = "libc++";
				CLANG_ENABLE_MODULES = YES;
				CLANG_ENABLE_OBJC_ARC = YES;
				CLANG_WARN_BLOCK_CAPTURE_AUTORELEASING = YES;
				CLANG_WARN_BOOL_CONVERSION = YES;
				CLANG_WARN_COMMA = YES;
				CLANG_WARN_CONSTANT_CONVERSION = YES;
				CLANG_WARN_DIRECT_OBJC_ISA_USAGE = YES_ERROR;
				CLANG_WARN_DOCUMENTATION_COMMENTS = YES;
				CLANG_WARN_EMPTY_BODY = YES;
				CLANG_WARN_ENUM_CONVERSION = YES;
				CLANG_WARN_INFINITE_RECURSION = YES;
				CLANG_WARN_INT_CONVERSION = YES;
				CLANG_WARN_NON_LITERAL_NULL_CONVERSION = YES;
				CLANG_WARN_OBJC_LITERAL_CONVERSION = YES;
				CLANG_WARN_OBJC_ROOT_CLASS = YES_ERROR;
				CLANG_WARN_RANGE_LOOP_ANALYSIS = YES;
				CLANG_WARN_STRICT_PROTOTYPES = YES;
				CLANG_WARN_SUSPICIOUS_MOVE = YES;
				CLANG_WARN_UNGUARDED_AVAILABILITY = YES_AGGRESSIVE;
				CLANG_WARN_UNREACHABLE_CODE = YES;
				CLANG_WARN__DUPLICATE_METHOD_MATCH = YES;
				CODE_SIGN_IDENTITY = "iPhone Developer";
				COPY_PHASE_STRIP = NO;
				DEBUG_INFORMATION_FORMAT = dwarf;
				ENABLE_STRICT_OBJC_MSGSEND = YES;
				ENABLE_TESTABILITY = YES;
				GCC_C_LANGUAGE_STANDARD = gnu11;
				GCC_DYNAMIC_NO_PIC = NO;
				GCC_NO_COMMON_BLOCKS = YES;
				GCC_OPTIMIZATION_LEVEL = 0;
				GCC_PREPROCESSOR_DEFINITIONS = (
					"DEBUG=1",
					"$(inherited)",
				);
				GCC_WARN_64_TO_32_BIT_CONVERSION = YES;
				GCC_WARN_ABOUT_RETURN_TYPE = YES_ERROR;
				GCC_WARN_UNDECLARED_SELECTOR = YES;
				GCC_WARN_UNINITIALIZED_AUTOS = YES_AGGRESSIVE;
				GCC_WARN_UNUSED_FUNCTION = YES;
				GCC_WARN_UNUSED_VARIABLE = YES;
				IPHONEOS_DEPLOYMENT_TARGET = 11.0;
				MTL_ENABLE_DEBUG_INFO = YES;
				ONLY_ACTIVE_ARCH = YES;
				SDKROOT = iphoneos;
			};
			name = Debug;
		};
		BD97DAC51FA86FDE007D5FFA /* Release */ = {
			isa = XCBuildConfiguration;
			buildSettings = {
				ALWAYS_SEARCH_USER_PATHS = NO;
				CLANG_ANALYZER_NONNULL = YES;
				CLANG_ANALYZER_NUMBER_OBJECT_CONVERSION = YES_AGGRESSIVE;
				CLANG_CXX_LANGUAGE_STANDARD = "gnu++14";
				CLANG_CXX_LIBRARY = "libc++";
				CLANG_ENABLE_MODULES = YES;
				CLANG_ENABLE_OBJC_ARC = YES;
				CLANG_WARN_BLOCK_CAPTURE_AUTORELEASING = YES;
				CLANG_WARN_BOOL_CONVERSION = YES;
				CLANG_WARN_COMMA = YES;
				CLANG_WARN_CONSTANT_CONVERSION = YES;
				CLANG_WARN_DIRECT_OBJC_ISA_USAGE = YES_ERROR;
				CLANG_WARN_DOCUMENTATION_COMMENTS = YES;
				CLANG_WARN_EMPTY_BODY = YES;
				CLANG_WARN_ENUM_CONVERSION = YES;
				CLANG_WARN_INFINITE_RECURSION = YES;
				CLANG_WARN_INT_CONVERSION = YES;
				CLANG_WARN_NON_LITERAL_NULL_CONVERSION = YES;
				CLANG_WARN_OBJC_LITERAL_CONVERSION = YES;
				CLANG_WARN_OBJC_ROOT_CLASS = YES_ERROR;
				CLANG_WARN_RANGE_LOOP_ANALYSIS = YES;
				CLANG_WARN_STRICT_PROTOTYPES = YES;
				CLANG_WARN_SUSPICIOUS_MOVE = YES;
				CLANG_WARN_UNGUARDED_AVAILABILITY = YES_AGGRESSIVE;
				CLANG_WARN_UNREACHABLE_CODE = YES;
				CLANG_WARN__DUPLICATE_METHOD_MATCH = YES;
				CODE_SIGN_IDENTITY = "iPhone Developer";
				COPY_PHASE_STRIP = NO;
				DEBUG_INFORMATION_FORMAT = "dwarf-with-dsym";
				ENABLE_NS_ASSERTIONS = NO;
				ENABLE_STRICT_OBJC_MSGSEND = YES;
				GCC_C_LANGUAGE_STANDARD = gnu11;
				GCC_NO_COMMON_BLOCKS = YES;
				GCC_WARN_64_TO_32_BIT_CONVERSION = YES;
				GCC_WARN_ABOUT_RETURN_TYPE = YES_ERROR;
				GCC_WARN_UNDECLARED_SELECTOR = YES;
				GCC_WARN_UNINITIALIZED_AUTOS = YES_AGGRESSIVE;
				GCC_WARN_UNUSED_FUNCTION = YES;
				GCC_WARN_UNUSED_VARIABLE = YES;
				IPHONEOS_DEPLOYMENT_TARGET = 11.0;
				MTL_ENABLE_DEBUG_INFO = NO;
				SDKROOT = iphoneos;
				VALIDATE_PRODUCT = YES;
			};
			name = Release;
		};
		BD97DAC71FA86FDE007D5FFA /* Debug */ = {
			isa = XCBuildConfiguration;
			buildSettings = {
				ASSETCATALOG_COMPILER_APPICON_NAME = AppIcon;
				CODE_SIGN_STYLE = Automatic;
				DEVELOPMENT_TEAM = R6S4ZL7S99;
				INFOPLIST_FILE = UIDynamicsTest1/Info.plist;
				LD_RUNPATH_SEARCH_PATHS = "$(inherited) @executable_path/Frameworks";
				PRODUCT_BUNDLE_IDENTIFIER = com.ronakkothari.UIDynamicsTest1;
				PRODUCT_NAME = "$(TARGET_NAME)";
				TARGETED_DEVICE_FAMILY = "1,2";
			};
			name = Debug;
		};
		BD97DAC81FA86FDE007D5FFA /* Release */ = {
			isa = XCBuildConfiguration;
			buildSettings = {
				ASSETCATALOG_COMPILER_APPICON_NAME = AppIcon;
				CODE_SIGN_STYLE = Automatic;
				DEVELOPMENT_TEAM = R6S4ZL7S99;
				INFOPLIST_FILE = UIDynamicsTest1/Info.plist;
				LD_RUNPATH_SEARCH_PATHS = "$(inherited) @executable_path/Frameworks";
				PRODUCT_BUNDLE_IDENTIFIER = com.ronakkothari.UIDynamicsTest1;
				PRODUCT_NAME = "$(TARGET_NAME)";
				TARGETED_DEVICE_FAMILY = "1,2";
			};
			name = Release;
		};
		BD97DACA1FA86FDE007D5FFA /* Debug */ = {
			isa = XCBuildConfiguration;
			buildSettings = {
				BUNDLE_LOADER = "$(TEST_HOST)";
				CODE_SIGN_STYLE = Automatic;
				DEVELOPMENT_TEAM = R6S4ZL7S99;
				INFOPLIST_FILE = UIDynamicsTest1Tests/Info.plist;
				LD_RUNPATH_SEARCH_PATHS = "$(inherited) @executable_path/Frameworks @loader_path/Frameworks";
				PRODUCT_BUNDLE_IDENTIFIER = com.ronakkothari.UIDynamicsTest1Tests;
				PRODUCT_NAME = "$(TARGET_NAME)";
				TARGETED_DEVICE_FAMILY = "1,2";
				TEST_HOST = "$(BUILT_PRODUCTS_DIR)/UIDynamicsTest1.app/UIDynamicsTest1";
			};
			name = Debug;
		};
		BD97DACB1FA86FDE007D5FFA /* Release */ = {
			isa = XCBuildConfiguration;
			buildSettings = {
				BUNDLE_LOADER = "$(TEST_HOST)";
				CODE_SIGN_STYLE = Automatic;
				DEVELOPMENT_TEAM = R6S4ZL7S99;
				INFOPLIST_FILE = UIDynamicsTest1Tests/Info.plist;
				LD_RUNPATH_SEARCH_PATHS = "$(inherited) @executable_path/Frameworks @loader_path/Frameworks";
				PRODUCT_BUNDLE_IDENTIFIER = com.ronakkothari.UIDynamicsTest1Tests;
				PRODUCT_NAME = "$(TARGET_NAME)";
				TARGETED_DEVICE_FAMILY = "1,2";
				TEST_HOST = "$(BUILT_PRODUCTS_DIR)/UIDynamicsTest1.app/UIDynamicsTest1";
			};
			name = Release;
		};
		BD97DACD1FA86FDE007D5FFA /* Debug */ = {
			isa = XCBuildConfiguration;
			buildSettings = {
				CODE_SIGN_STYLE = Automatic;
				DEVELOPMENT_TEAM = R6S4ZL7S99;
				INFOPLIST_FILE = UIDynamicsTest1UITests/Info.plist;
				LD_RUNPATH_SEARCH_PATHS = "$(inherited) @executable_path/Frameworks @loader_path/Frameworks";
				PRODUCT_BUNDLE_IDENTIFIER = com.ronakkothari.UIDynamicsTest1UITests;
				PRODUCT_NAME = "$(TARGET_NAME)";
				TARGETED_DEVICE_FAMILY = "1,2";
				TEST_TARGET_NAME = UIDynamicsTest1;
			};
			name = Debug;
		};
		BD97DACE1FA86FDE007D5FFA /* Release */ = {
			isa = XCBuildConfiguration;
			buildSettings = {
				CODE_SIGN_STYLE = Automatic;
				DEVELOPMENT_TEAM = R6S4ZL7S99;
				INFOPLIST_FILE = UIDynamicsTest1UITests/Info.plist;
				LD_RUNPATH_SEARCH_PATHS = "$(inherited) @executable_path/Frameworks @loader_path/Frameworks";
				PRODUCT_BUNDLE_IDENTIFIER = com.ronakkothari.UIDynamicsTest1UITests;
				PRODUCT_NAME = "$(TARGET_NAME)";
				TARGETED_DEVICE_FAMILY = "1,2";
				TEST_TARGET_NAME = UIDynamicsTest1;
			};
			name = Release;
		};
/* End XCBuildConfiguration section */

/* Begin XCConfigurationList section */
		BD97DA951FA86FDE007D5FFA /* Build configuration list for PBXProject "UIDynamicsTest1" */ = {
			isa = XCConfigurationList;
			buildConfigurations = (
				BD97DAC41FA86FDE007D5FFA /* Debug */,
				BD97DAC51FA86FDE007D5FFA /* Release */,
			);
			defaultConfigurationIsVisible = 0;
			defaultConfigurationName = Release;
		};
		BD97DAC61FA86FDE007D5FFA /* Build configuration list for PBXNativeTarget "UIDynamicsTest1" */ = {
			isa = XCConfigurationList;
			buildConfigurations = (
				BD97DAC71FA86FDE007D5FFA /* Debug */,
				BD97DAC81FA86FDE007D5FFA /* Release */,
			);
			defaultConfigurationIsVisible = 0;
			defaultConfigurationName = Release;
		};
		BD97DAC91FA86FDE007D5FFA /* Build configuration list for PBXNativeTarget "UIDynamicsTest1Tests" */ = {
			isa = XCConfigurationList;
			buildConfigurations = (
				BD97DACA1FA86FDE007D5FFA /* Debug */,
				BD97DACB1FA86FDE007D5FFA /* Release */,
			);
			defaultConfigurationIsVisible = 0;
			defaultConfigurationName = Release;
		};
		BD97DACC1FA86FDE007D5FFA /* Build configuration list for PBXNativeTarget "UIDynamicsTest1UITests" */ = {
			isa = XCConfigurationList;
			buildConfigurations = (
				BD97DACD1FA86FDE007D5FFA /* Debug */,
				BD97DACE1FA86FDE007D5FFA /* Release */,
			);
			defaultConfigurationIsVisible = 0;
			defaultConfigurationName = Release;
		};
/* End XCConfigurationList section */
	};
	rootObject = BD97DA921FA86FDE007D5FFA /* Project object */;
}
